
Microsoft Visual Studio Solution File, Format Version 12.00
# Visual Studio Version 16
VisualStudioVersion = 16.0.28803.452
MinimumVisualStudioVersion = 10.0.40219.1
Project("{FAE04EC0-301F-11D3-BF4B-00C04F79EFBC}") = "My IKS", "My IKS\My IKS.csproj", "{9C367A80-9E42-48CA-975C-C2334594E34C}"
EndProject
Global
	GlobalSection(SolutionConfigurationPlatforms) = preSolution
		Debug|Any CPU = Debug|Any CPU
		Release|Any CPU = Release|Any CPU
	EndGlobalSection
	GlobalSection(ProjectConfigurationPlatforms) = postSolution
		{9C367A80-9E42-48CA-975C-C2334594E34C}.Debug|Any CPU.ActiveCfg = Debug|Any CPU
		{9C367A80-9E42-48CA-975C-C2334594E34C}.Debug|Any CPU.Build.0 = Debug|Any CPU
		{9C367A80-9E42-48CA-975C-C2334594E34C}.Release|Any CPU.ActiveCfg = Release|Any CPU
		{9C367A80-9E42-48CA-975C-C2334594E34C}.Release|Any CPU.Build.0 = Release|Any CPU
	EndGlobalSection
	GlobalSection(SolutionProperties) = preSolution
		HideSolutionNode = FALSE
	EndGlobalSection
	GlobalSection(ExtensibilityGlobals) = postSolution
		SolutionGuid = {47B785E9-5006-45C5-A76F-772D582F9932}
	EndGlobalSection
EndGlobal
